
Microsoft Visual Studio Solution File, Format Version 12.00
# Visual Studio Version 17
VisualStudioVersion = 17.2.32602.215
MinimumVisualStudioVersion = 10.0.40219.1
Project("{FAE04EC0-301F-11D3-BF4B-00C04F79EFBC}") = "Alarm", "Alarm\Alarm.csproj", "{EA6E45FF-9323-4DD9-B677-B2620C9086D7}"
EndProject
Global
	GlobalSection(SolutionConfigurationPlatforms) = preSolution
		Debug|Any CPU = Debug|Any CPU
		Release|Any CPU = Release|Any CPU
	EndGlobalSection
	GlobalSection(ProjectConfigurationPlatforms) = postSolution
		{EA6E45FF-9323-4DD9-B677-B2620C9086D7}.Debug|Any CPU.ActiveCfg = Debug|Any CPU
		{EA6E45FF-9323-4DD9-B677-B2620C9086D7}.Debug|Any CPU.Build.0 = Debug|Any CPU
		{EA6E45FF-9323-4DD9-B677-B2620C9086D7}.Release|Any CPU.ActiveCfg = Release|Any CPU
		{EA6E45FF-9323-4DD9-B677-B2620C9086D7}.Release|Any CPU.Build.0 = Release|Any CPU
	EndGlobalSection
	GlobalSection(SolutionProperties) = preSolution
		HideSolutionNode = FALSE
	EndGlobalSection
	GlobalSection(ExtensibilityGlobals) = postSolution
		SolutionGuid = {206D4280-2C32-49E2-BB12-F2C1900FF269}
	EndGlobalSection
EndGlobal
